
Microsoft Visual Studio Solution File, Format Version 12.00
# Visual Studio Version 16
VisualStudioVersion = 16.0.31613.86
MinimumVisualStudioVersion = 10.0.40219.1
Project("{FAE04EC0-301F-11D3-BF4B-00C04F79EFBC}") = "WpfApp116", "WpfApp116\WpfApp116.csproj", "{9F815FCA-51C2-4EFD-BFCC-261AB8C73A16}"
EndProject
Global
	GlobalSection(SolutionConfigurationPlatforms) = preSolution
		Debug|Any CPU = Debug|Any CPU
		Release|Any CPU = Release|Any CPU
	EndGlobalSection
	GlobalSection(ProjectConfigurationPlatforms) = postSolution
		{9F815FCA-51C2-4EFD-BFCC-261AB8C73A16}.Debug|Any CPU.ActiveCfg = Debug|Any CPU
		{9F815FCA-51C2-4EFD-BFCC-261AB8C73A16}.Debug|Any CPU.Build.0 = Debug|Any CPU
		{9F815FCA-51C2-4EFD-BFCC-261AB8C73A16}.Release|Any CPU.ActiveCfg = Release|Any CPU
		{9F815FCA-51C2-4EFD-BFCC-261AB8C73A16}.Release|Any CPU.Build.0 = Release|Any CPU
	EndGlobalSection
	GlobalSection(SolutionProperties) = preSolution
		HideSolutionNode = FALSE
	EndGlobalSection
	GlobalSection(ExtensibilityGlobals) = postSolution
		SolutionGuid = {EE14E999-1D51-4DDF-8B81-D549CDE4EDBA}
	EndGlobalSection
EndGlobal
